// !$*UTF8*$!
{
	archiveVersion = 1;
	classes = {
	};
	objectVersion = 56;
	objects = {

/* Begin PBXBuildFile section */
		3AACE0172CACE265003960F5 /* AppDelegate.swift in Sources */ = {isa = PBXBuildFile; fileRef = 3AACE0162CACE265003960F5 /* AppDelegate.swift */; };
		3AACE01B2CACE265003960F5 /* ViewController.swift in Sources */ = {isa = PBXBuildFile; fileRef = 3AACE01A2CACE265003960F5 /* ViewController.swift */; };
		3AACE0202CACE269003960F5 /* Assets.xcassets in Resources */ = {isa = PBXBuildFile; fileRef = 3AACE01F2CACE269003960F5 /* Assets.xcassets */; };
		3AACE0232CACE269003960F5 /* Base in Resources */ = {isa = PBXBuildFile; fileRef = 3AACE0222CACE269003960F5 /* Base */; };
		3AACE02E2CACE269003960F5 /* Pokede_xTests.swift in Sources */ = {isa = PBXBuildFile; fileRef = 3AACE02D2CACE269003960F5 /* Pokede_xTests.swift */; };
		3AACE0382CACE269003960F5 /* Pokede_xUITests.swift in Sources */ = {isa = PBXBuildFile; fileRef = 3AACE0372CACE269003960F5 /* Pokede_xUITests.swift */; };
		3AACE03A2CACE269003960F5 /* Pokede_xUITestsLaunchTests.swift in Sources */ = {isa = PBXBuildFile; fileRef = 3AACE0392CACE269003960F5 /* Pokede_xUITestsLaunchTests.swift */; };
		3AACE0512CACF518003960F5 /* UIView+SnapKit.swift in Sources */ = {isa = PBXBuildFile; fileRef = 3AACE0502CACF518003960F5 /* UIView+SnapKit.swift */; };
		3AACE0532CACF5E5003960F5 /* SnapKit in Frameworks */ = {isa = PBXBuildFile; productRef = 3AACE0522CACF5E5003960F5 /* SnapKit */; };
		3AACE0552CACF9BC003960F5 /* UIImage+DomainColorExtension.swift in Sources */ = {isa = PBXBuildFile; fileRef = 3AACE0542CACF9BC003960F5 /* UIImage+DomainColorExtension.swift */; };
		3AACE05C2CACFD77003960F5 /* RequestType.swift in Sources */ = {isa = PBXBuildFile; fileRef = 3AACE05B2CACFD77003960F5 /* RequestType.swift */; };
		3AACE05E2CADAAAF003960F5 /* HTTPClient.swift in Sources */ = {isa = PBXBuildFile; fileRef = 3AACE05D2CADAAAF003960F5 /* HTTPClient.swift */; };
		3AACE0612CAE1A03003960F5 /* AllPokemonListHTTPClient.swift in Sources */ = {isa = PBXBuildFile; fileRef = 3AACE0602CAE1A03003960F5 /* AllPokemonListHTTPClient.swift */; };
		3AACE0632CAE3A78003960F5 /* AllPokemonListDTO.swift in Sources */ = {isa = PBXBuildFile; fileRef = 3AACE0622CAE3A78003960F5 /* AllPokemonListDTO.swift */; };
		3AACE0692CAE3DBF003960F5 /* AllPokemonListService.swift in Sources */ = {isa = PBXBuildFile; fileRef = 3AACE0682CAE3DBF003960F5 /* AllPokemonListService.swift */; };
/* End PBXBuildFile section */

/* Begin PBXContainerItemProxy section */
		3AACE02A2CACE269003960F5 /* PBXContainerItemProxy */ = {
			isa = PBXContainerItemProxy;
			containerPortal = 3AACE00B2CACE265003960F5 /* Project object */;
			proxyType = 1;
			remoteGlobalIDString = 3AACE0122CACE265003960F5;
			remoteInfo = "Pokedéx";
		};
		3AACE0342CACE269003960F5 /* PBXContainerItemProxy */ = {
			isa = PBXContainerItemProxy;
			containerPortal = 3AACE00B2CACE265003960F5 /* Project object */;
			proxyType = 1;
			remoteGlobalIDString = 3AACE0122CACE265003960F5;
			remoteInfo = "Pokedéx";
		};
/* End PBXContainerItemProxy section */

/* Begin PBXFileReference section */
		3AACE0132CACE265003960F5 /* Pokedéx.app */ = {isa = PBXFileReference; explicitFileType = wrapper.application; includeInIndex = 0; path = "Pokedéx.app"; sourceTree = BUILT_PRODUCTS_DIR; };
		3AACE0162CACE265003960F5 /* AppDelegate.swift */ = {isa = PBXFileReference; lastKnownFileType = sourcecode.swift; path = AppDelegate.swift; sourceTree = "<group>"; };
		3AACE01A2CACE265003960F5 /* ViewController.swift */ = {isa = PBXFileReference; lastKnownFileType = sourcecode.swift; path = ViewController.swift; sourceTree = "<group>"; };
		3AACE01F2CACE269003960F5 /* Assets.xcassets */ = {isa = PBXFileReference; lastKnownFileType = folder.assetcatalog; path = Assets.xcassets; sourceTree = "<group>"; };
		3AACE0222CACE269003960F5 /* Base */ = {isa = PBXFileReference; lastKnownFileType = file.storyboard; name = Base; path = Base.lproj/LaunchScreen.storyboard; sourceTree = "<group>"; };
		3AACE0242CACE269003960F5 /* Info.plist */ = {isa = PBXFileReference; lastKnownFileType = text.plist.xml; path = Info.plist; sourceTree = "<group>"; };
		3AACE0292CACE269003960F5 /* PokedéxTests.xctest */ = {isa = PBXFileReference; explicitFileType = wrapper.cfbundle; includeInIndex = 0; path = "PokedéxTests.xctest"; sourceTree = BUILT_PRODUCTS_DIR; };
		3AACE02D2CACE269003960F5 /* Pokede_xTests.swift */ = {isa = PBXFileReference; lastKnownFileType = sourcecode.swift; path = Pokede_xTests.swift; sourceTree = "<group>"; };
		3AACE0332CACE269003960F5 /* PokedéxUITests.xctest */ = {isa = PBXFileReference; explicitFileType = wrapper.cfbundle; includeInIndex = 0; path = "PokedéxUITests.xctest"; sourceTree = BUILT_PRODUCTS_DIR; };
		3AACE0372CACE269003960F5 /* Pokede_xUITests.swift */ = {isa = PBXFileReference; lastKnownFileType = sourcecode.swift; path = Pokede_xUITests.swift; sourceTree = "<group>"; };
		3AACE0392CACE269003960F5 /* Pokede_xUITestsLaunchTests.swift */ = {isa = PBXFileReference; lastKnownFileType = sourcecode.swift; path = Pokede_xUITestsLaunchTests.swift; sourceTree = "<group>"; };
		3AACE0502CACF518003960F5 /* UIView+SnapKit.swift */ = {isa = PBXFileReference; lastKnownFileType = sourcecode.swift; path = "UIView+SnapKit.swift"; sourceTree = "<group>"; };
		3AACE0542CACF9BC003960F5 /* UIImage+DomainColorExtension.swift */ = {isa = PBXFileReference; lastKnownFileType = sourcecode.swift; path = "UIImage+DomainColorExtension.swift"; sourceTree = "<group>"; };
		3AACE05B2CACFD77003960F5 /* RequestType.swift */ = {isa = PBXFileReference; lastKnownFileType = sourcecode.swift; path = RequestType.swift; sourceTree = "<group>"; };
		3AACE05D2CADAAAF003960F5 /* HTTPClient.swift */ = {isa = PBXFileReference; lastKnownFileType = sourcecode.swift; path = HTTPClient.swift; sourceTree = "<group>"; };
		3AACE0602CAE1A03003960F5 /* AllPokemonListHTTPClient.swift */ = {isa = PBXFileReference; lastKnownFileType = sourcecode.swift; path = AllPokemonListHTTPClient.swift; sourceTree = "<group>"; };
		3AACE0622CAE3A78003960F5 /* AllPokemonListDTO.swift */ = {isa = PBXFileReference; lastKnownFileType = sourcecode.swift; path = AllPokemonListDTO.swift; sourceTree = "<group>"; };
		3AACE0682CAE3DBF003960F5 /* AllPokemonListService.swift */ = {isa = PBXFileReference; lastKnownFileType = sourcecode.swift; path = AllPokemonListService.swift; sourceTree = "<group>"; };
/* End PBXFileReference section */

/* Begin PBXFrameworksBuildPhase section */
		3AACE0102CACE265003960F5 /* Frameworks */ = {
			isa = PBXFrameworksBuildPhase;
			buildActionMask = 2147483647;
			files = (
				3AACE0532CACF5E5003960F5 /* SnapKit in Frameworks */,
			);
			runOnlyForDeploymentPostprocessing = 0;
		};
		3AACE0262CACE269003960F5 /* Frameworks */ = {
			isa = PBXFrameworksBuildPhase;
			buildActionMask = 2147483647;
			files = (
			);
			runOnlyForDeploymentPostprocessing = 0;
		};
		3AACE0302CACE269003960F5 /* Frameworks */ = {
			isa = PBXFrameworksBuildPhase;
			buildActionMask = 2147483647;
			files = (
			);
			runOnlyForDeploymentPostprocessing = 0;
		};
/* End PBXFrameworksBuildPhase section */

/* Begin PBXGroup section */
		3AACE00A2CACE265003960F5 = {
			isa = PBXGroup;
			children = (
				3AACE0152CACE265003960F5 /* Pokedéx */,
				3AACE02C2CACE269003960F5 /* PokedéxTests */,
				3AACE0362CACE269003960F5 /* PokedéxUITests */,
				3AACE0142CACE265003960F5 /* Products */,
			);
			sourceTree = "<group>";
		};
		3AACE0142CACE265003960F5 /* Products */ = {
			isa = PBXGroup;
			children = (
				3AACE0132CACE265003960F5 /* Pokedéx.app */,
				3AACE0292CACE269003960F5 /* PokedéxTests.xctest */,
				3AACE0332CACE269003960F5 /* PokedéxUITests.xctest */,
			);
			name = Products;
			sourceTree = "<group>";
		};
		3AACE0152CACE265003960F5 /* Pokedéx */ = {
			isa = PBXGroup;
			children = (
				3AACE0672CAE3C1F003960F5 /* AllPokemonListPage */,
				3AACE0162CACE265003960F5 /* AppDelegate.swift */,
				3AACE01A2CACE265003960F5 /* ViewController.swift */,
				3AACE01F2CACE269003960F5 /* Assets.xcassets */,
				3AACE0212CACE269003960F5 /* LaunchScreen.storyboard */,
				3AACE0242CACE269003960F5 /* Info.plist */,
				3AACE0502CACF518003960F5 /* UIView+SnapKit.swift */,
				3AACE0542CACF9BC003960F5 /* UIImage+DomainColorExtension.swift */,
				3AACE0562CACFB12003960F5 /* Utils */,
				3AACE05F2CADAD8C003960F5 /* NetworkModule */,
			);
			path = "Pokedéx";
			sourceTree = "<group>";
		};
		3AACE02C2CACE269003960F5 /* PokedéxTests */ = {
			isa = PBXGroup;
			children = (
				3AACE02D2CACE269003960F5 /* Pokede_xTests.swift */,
			);
			path = "PokedéxTests";
			sourceTree = "<group>";
		};
		3AACE0362CACE269003960F5 /* PokedéxUITests */ = {
			isa = PBXGroup;
			children = (
				3AACE0372CACE269003960F5 /* Pokede_xUITests.swift */,
				3AACE0392CACE269003960F5 /* Pokede_xUITestsLaunchTests.swift */,
			);
			path = "PokedéxUITests";
			sourceTree = "<group>";
		};
		3AACE0562CACFB12003960F5 /* Utils */ = {
			isa = PBXGroup;
			children = (
				3AACE0582CACFB48003960F5 /* UIImageColorHelper */,
				3AACE0572CACFB2A003960F5 /* AutoLayoutHelper */,
			);
			path = Utils;
			sourceTree = "<group>";
		};
		3AACE0572CACFB2A003960F5 /* AutoLayoutHelper */ = {
			isa = PBXGroup;
			children = (
				3AACE0502CACF518003960F5 /* UIView+SnapKit.swift */,
			);
			path = AutoLayoutHelper;
			sourceTree = "<group>";
		};
		3AACE0582CACFB48003960F5 /* UIImageColorHelper */ = {
			isa = PBXGroup;
			children = (
				3AACE0542CACF9BC003960F5 /* UIImage+DomainColorExtension.swift */,
			);
			path = UIImageColorHelper;
			sourceTree = "<group>";
		};
		3AACE05F2CADAD8C003960F5 /* NetworkModule */ = {
			isa = PBXGroup;
			children = (
				3AACE05D2CADAAAF003960F5 /* HTTPClient.swift */,
				3AACE05B2CACFD77003960F5 /* RequestType.swift */,
			);
			path = NetworkModule;
			sourceTree = "<group>";
		};
		3AACE0642CAE3BE0003960F5 /* NetworkLayer */ = {
			isa = PBXGroup;
			children = (
				3AACE0602CAE1A03003960F5 /* AllPokemonListHTTPClient.swift */,
			);
			path = NetworkLayer;
			sourceTree = "<group>";
		};
		3AACE0652CAE3BFB003960F5 /* Model */ = {
			isa = PBXGroup;
			children = (
				3AACE0622CAE3A78003960F5 /* AllPokemonListDTO.swift */,
			);
			path = Model;
			sourceTree = "<group>";
		};
		3AACE0672CAE3C1F003960F5 /* AllPokemonListPage */ = {
			isa = PBXGroup;
			children = (
				3AACE0652CAE3BFB003960F5 /* Model */,
				3AACE0642CAE3BE0003960F5 /* NetworkLayer */,
				3AACE0682CAE3DBF003960F5 /* AllPokemonListService.swift */,
			);
			path = AllPokemonListPage;
			sourceTree = "<group>";
		};
/* End PBXGroup section */

/* Begin PBXNativeTarget section */
		3AACE0122CACE265003960F5 /* Pokedéx */ = {
			isa = PBXNativeTarget;
			buildConfigurationList = 3AACE03D2CACE269003960F5 /* Build configuration list for PBXNativeTarget "Pokedéx" */;
			buildPhases = (
				3AACE00F2CACE265003960F5 /* Sources */,
				3AACE0102CACE265003960F5 /* Frameworks */,
				3AACE0112CACE265003960F5 /* Resources */,
			);
			buildRules = (
			);
			dependencies = (
			);
			name = "Pokedéx";
			packageProductDependencies = (
				3AACE0522CACF5E5003960F5 /* SnapKit */,
			);
			productName = "Pokedéx";
			productReference = 3AACE0132CACE265003960F5 /* Pokedéx.app */;
			productType = "com.apple.product-type.application";
		};
		3AACE0282CACE269003960F5 /* PokedéxTests */ = {
			isa = PBXNativeTarget;
			buildConfigurationList = 3AACE0402CACE269003960F5 /* Build configuration list for PBXNativeTarget "PokedéxTests" */;
			buildPhases = (
				3AACE0252CACE269003960F5 /* Sources */,
				3AACE0262CACE269003960F5 /* Frameworks */,
				3AACE0272CACE269003960F5 /* Resources */,
			);
			buildRules = (
			);
			dependencies = (
				3AACE02B2CACE269003960F5 /* PBXTargetDependency */,
			);
			name = "PokedéxTests";
			productName = "PokedéxTests";
			productReference = 3AACE0292CACE269003960F5 /* PokedéxTests.xctest */;
			productType = "com.apple.product-type.bundle.unit-test";
		};
		3AACE0322CACE269003960F5 /* PokedéxUITests */ = {
			isa = PBXNativeTarget;
			buildConfigurationList = 3AACE0432CACE269003960F5 /* Build configuration list for PBXNativeTarget "PokedéxUITests" */;
			buildPhases = (
				3AACE02F2CACE269003960F5 /* Sources */,
				3AACE0302CACE269003960F5 /* Frameworks */,
				3AACE0312CACE269003960F5 /* Resources */,
			);
			buildRules = (
			);
			dependencies = (
				3AACE0352CACE269003960F5 /* PBXTargetDependency */,
			);
			name = "PokedéxUITests";
			productName = "PokedéxUITests";
			productReference = 3AACE0332CACE269003960F5 /* PokedéxUITests.xctest */;
			productType = "com.apple.product-type.bundle.ui-testing";
		};
/* End PBXNativeTarget section */

/* Begin PBXProject section */
		3AACE00B2CACE265003960F5 /* Project object */ = {
			isa = PBXProject;
			attributes = {
				BuildIndependentTargetsInParallel = 1;
				LastSwiftUpdateCheck = 1540;
				LastUpgradeCheck = 1540;
				TargetAttributes = {
					3AACE0122CACE265003960F5 = {
						CreatedOnToolsVersion = 15.4;
					};
					3AACE0282CACE269003960F5 = {
						CreatedOnToolsVersion = 15.4;
						TestTargetID = 3AACE0122CACE265003960F5;
					};
					3AACE0322CACE269003960F5 = {
						CreatedOnToolsVersion = 15.4;
						TestTargetID = 3AACE0122CACE265003960F5;
					};
				};
			};
			buildConfigurationList = 3AACE00E2CACE265003960F5 /* Build configuration list for PBXProject "Pokedéx" */;
			compatibilityVersion = "Xcode 14.0";
			developmentRegion = en;
			hasScannedForEncodings = 0;
			knownRegions = (
				en,
				Base,
			);
			mainGroup = 3AACE00A2CACE265003960F5;
			packageReferences = (
				3AACE04D2CACF223003960F5 /* XCRemoteSwiftPackageReference "SnapKit" */,
			);
			productRefGroup = 3AACE0142CACE265003960F5 /* Products */;
			projectDirPath = "";
			projectRoot = "";
			targets = (
				3AACE0122CACE265003960F5 /* Pokedéx */,
				3AACE0282CACE269003960F5 /* PokedéxTests */,
				3AACE0322CACE269003960F5 /* PokedéxUITests */,
			);
		};
/* End PBXProject section */

/* Begin PBXResourcesBuildPhase section */
		3AACE0112CACE265003960F5 /* Resources */ = {
			isa = PBXResourcesBuildPhase;
			buildActionMask = 2147483647;
			files = (
				3AACE0202CACE269003960F5 /* Assets.xcassets in Resources */,
				3AACE0232CACE269003960F5 /* Base in Resources */,
			);
			runOnlyForDeploymentPostprocessing = 0;
		};
		3AACE0272CACE269003960F5 /* Resources */ = {
			isa = PBXResourcesBuildPhase;
			buildActionMask = 2147483647;
			files = (
			);
			runOnlyForDeploymentPostprocessing = 0;
		};
		3AACE0312CACE269003960F5 /* Resources */ = {
			isa = PBXResourcesBuildPhase;
			buildActionMask = 2147483647;
			files = (
			);
			runOnlyForDeploymentPostprocessing = 0;
		};
/* End PBXResourcesBuildPhase section */

/* Begin PBXSourcesBuildPhase section */
		3AACE00F2CACE265003960F5 /* Sources */ = {
			isa = PBXSourcesBuildPhase;
			buildActionMask = 2147483647;
			files = (
				3AACE0612CAE1A03003960F5 /* AllPokemonListHTTPClient.swift in Sources */,
				3AACE01B2CACE265003960F5 /* ViewController.swift in Sources */,
				3AACE0552CACF9BC003960F5 /* UIImage+DomainColorExtension.swift in Sources */,
				3AACE05E2CADAAAF003960F5 /* HTTPClient.swift in Sources */,
				3AACE0692CAE3DBF003960F5 /* AllPokemonListService.swift in Sources */,
				3AACE0512CACF518003960F5 /* UIView+SnapKit.swift in Sources */,
				3AACE0172CACE265003960F5 /* AppDelegate.swift in Sources */,
				3AACE05C2CACFD77003960F5 /* RequestType.swift in Sources */,
				3AACE0632CAE3A78003960F5 /* AllPokemonListDTO.swift in Sources */,
			);
			runOnlyForDeploymentPostprocessing = 0;
		};
		3AACE0252CACE269003960F5 /* Sources */ = {
			isa = PBXSourcesBuildPhase;
			buildActionMask = 2147483647;
			files = (
				3AACE02E2CACE269003960F5 /* Pokede_xTests.swift in Sources */,
			);
			runOnlyForDeploymentPostprocessing = 0;
		};
		3AACE02F2CACE269003960F5 /* Sources */ = {
			isa = PBXSourcesBuildPhase;
			buildActionMask = 2147483647;
			files = (
				3AACE03A2CACE269003960F5 /* Pokede_xUITestsLaunchTests.swift in Sources */,
				3AACE0382CACE269003960F5 /* Pokede_xUITests.swift in Sources */,
			);
			runOnlyForDeploymentPostprocessing = 0;
		};
/* End PBXSourcesBuildPhase section */

/* Begin PBXTargetDependency section */
		3AACE02B2CACE269003960F5 /* PBXTargetDependency */ = {
			isa = PBXTargetDependency;
			target = 3AACE0122CACE265003960F5 /* Pokedéx */;
			targetProxy = 3AACE02A2CACE269003960F5 /* PBXContainerItemProxy */;
		};
		3AACE0352CACE269003960F5 /* PBXTargetDependency */ = {
			isa = PBXTargetDependency;
			target = 3AACE0122CACE265003960F5 /* Pokedéx */;
			targetProxy = 3AACE0342CACE269003960F5 /* PBXContainerItemProxy */;
		};
/* End PBXTargetDependency section */

/* Begin PBXVariantGroup section */
		3AACE0212CACE269003960F5 /* LaunchScreen.storyboard */ = {
			isa = PBXVariantGroup;
			children = (
				3AACE0222CACE269003960F5 /* Base */,
			);
			name = LaunchScreen.storyboard;
			sourceTree = "<group>";
		};
/* End PBXVariantGroup section */

/* Begin XCBuildConfiguration section */
		3AACE03B2CACE269003960F5 /* Debug */ = {
			isa = XCBuildConfiguration;
			buildSettings = {
				ALWAYS_SEARCH_USER_PATHS = NO;
				ASSETCATALOG_COMPILER_GENERATE_SWIFT_ASSET_SYMBOL_EXTENSIONS = YES;
				CLANG_ANALYZER_NONNULL = YES;
				CLANG_ANALYZER_NUMBER_OBJECT_CONVERSION = YES_AGGRESSIVE;
				CLANG_CXX_LANGUAGE_STANDARD = "gnu++20";
				CLANG_ENABLE_MODULES = YES;
				CLANG_ENABLE_OBJC_ARC = YES;
				CLANG_ENABLE_OBJC_WEAK = YES;
				CLANG_WARN_BLOCK_CAPTURE_AUTORELEASING = YES;
				CLANG_WARN_BOOL_CONVERSION = YES;
				CLANG_WARN_COMMA = YES;
				CLANG_WARN_CONSTANT_CONVERSION = YES;
				CLANG_WARN_DEPRECATED_OBJC_IMPLEMENTATIONS = YES;
				CLANG_WARN_DIRECT_OBJC_ISA_USAGE = YES_ERROR;
				CLANG_WARN_DOCUMENTATION_COMMENTS = YES;
				CLANG_WARN_EMPTY_BODY = YES;
				CLANG_WARN_ENUM_CONVERSION = YES;
				CLANG_WARN_INFINITE_RECURSION = YES;
				CLANG_WARN_INT_CONVERSION = YES;
				CLANG_WARN_NON_LITERAL_NULL_CONVERSION = YES;
				CLANG_WARN_OBJC_IMPLICIT_RETAIN_SELF = YES;
				CLANG_WARN_OBJC_LITERAL_CONVERSION = YES;
				CLANG_WARN_OBJC_ROOT_CLASS = YES_ERROR;
				CLANG_WARN_QUOTED_INCLUDE_IN_FRAMEWORK_HEADER = YES;
				CLANG_WARN_RANGE_LOOP_ANALYSIS = YES;
				CLANG_WARN_STRICT_PROTOTYPES = YES;
				CLANG_WARN_SUSPICIOUS_MOVE = YES;
				CLANG_WARN_UNGUARDED_AVAILABILITY = YES_AGGRESSIVE;
				CLANG_WARN_UNREACHABLE_CODE = YES;
				CLANG_WARN__DUPLICATE_METHOD_MATCH = YES;
				COPY_PHASE_STRIP = NO;
				DEBUG_INFORMATION_FORMAT = dwarf;
				ENABLE_STRICT_OBJC_MSGSEND = YES;
				ENABLE_TESTABILITY = YES;
				ENABLE_USER_SCRIPT_SANDBOXING = YES;
				GCC_C_LANGUAGE_STANDARD = gnu17;
				GCC_DYNAMIC_NO_PIC = NO;
				GCC_NO_COMMON_BLOCKS = YES;
				GCC_OPTIMIZATION_LEVEL = 0;
				GCC_PREPROCESSOR_DEFINITIONS = (
					"DEBUG=1",
					"$(inherited)",
				);
				GCC_WARN_64_TO_32_BIT_CONVERSION = YES;
				GCC_WARN_ABOUT_RETURN_TYPE = YES_ERROR;
				GCC_WARN_UNDECLARED_SELECTOR = YES;
				GCC_WARN_UNINITIALIZED_AUTOS = YES_AGGRESSIVE;
				GCC_WARN_UNUSED_FUNCTION = YES;
				GCC_WARN_UNUSED_VARIABLE = YES;
				IPHONEOS_DEPLOYMENT_TARGET = 17.5;
				LOCALIZATION_PREFERS_STRING_CATALOGS = YES;
				MTL_ENABLE_DEBUG_INFO = INCLUDE_SOURCE;
				MTL_FAST_MATH = YES;
				ONLY_ACTIVE_ARCH = YES;
				SDKROOT = iphoneos;
				SWIFT_ACTIVE_COMPILATION_CONDITIONS = "DEBUG $(inherited)";
				SWIFT_OPTIMIZATION_LEVEL = "-Onone";
			};
			name = Debug;
		};
		3AACE03C2CACE269003960F5 /* Release */ = {
			isa = XCBuildConfiguration;
			buildSettings = {
				ALWAYS_SEARCH_USER_PATHS = NO;
				ASSETCATALOG_COMPILER_GENERATE_SWIFT_ASSET_SYMBOL_EXTENSIONS = YES;
				CLANG_ANALYZER_NONNULL = YES;
				CLANG_ANALYZER_NUMBER_OBJECT_CONVERSION = YES_AGGRESSIVE;
				CLANG_CXX_LANGUAGE_STANDARD = "gnu++20";
				CLANG_ENABLE_MODULES = YES;
				CLANG_ENABLE_OBJC_ARC = YES;
				CLANG_ENABLE_OBJC_WEAK = YES;
				CLANG_WARN_BLOCK_CAPTURE_AUTORELEASING = YES;
				CLANG_WARN_BOOL_CONVERSION = YES;
				CLANG_WARN_COMMA = YES;
				CLANG_WARN_CONSTANT_CONVERSION = YES;
				CLANG_WARN_DEPRECATED_OBJC_IMPLEMENTATIONS = YES;
				CLANG_WARN_DIRECT_OBJC_ISA_USAGE = YES_ERROR;
				CLANG_WARN_DOCUMENTATION_COMMENTS = YES;
				CLANG_WARN_EMPTY_BODY = YES;
				CLANG_WARN_ENUM_CONVERSION = YES;
				CLANG_WARN_INFINITE_RECURSION = YES;
				CLANG_WARN_INT_CONVERSION = YES;
				CLANG_WARN_NON_LITERAL_NULL_CONVERSION = YES;
				CLANG_WARN_OBJC_IMPLICIT_RETAIN_SELF = YES;
				CLANG_WARN_OBJC_LITERAL_CONVERSION = YES;
				CLANG_WARN_OBJC_ROOT_CLASS = YES_ERROR;
				CLANG_WARN_QUOTED_INCLUDE_IN_FRAMEWORK_HEADER = YES;
				CLANG_WARN_RANGE_LOOP_ANALYSIS = YES;
				CLANG_WARN_STRICT_PROTOTYPES = YES;
				CLANG_WARN_SUSPICIOUS_MOVE = YES;
				CLANG_WARN_UNGUARDED_AVAILABILITY = YES_AGGRESSIVE;
				CLANG_WARN_UNREACHABLE_CODE = YES;
				CLANG_WARN__DUPLICATE_METHOD_MATCH = YES;
				COPY_PHASE_STRIP = NO;
				DEBUG_INFORMATION_FORMAT = "dwarf-with-dsym";
				ENABLE_NS_ASSERTIONS = NO;
				ENABLE_STRICT_OBJC_MSGSEND = YES;
				ENABLE_USER_SCRIPT_SANDBOXING = YES;
				GCC_C_LANGUAGE_STANDARD = gnu17;
				GCC_NO_COMMON_BLOCKS = YES;
				GCC_WARN_64_TO_32_BIT_CONVERSION = YES;
				GCC_WARN_ABOUT_RETURN_TYPE = YES_ERROR;
				GCC_WARN_UNDECLARED_SELECTOR = YES;
				GCC_WARN_UNINITIALIZED_AUTOS = YES_AGGRESSIVE;
				GCC_WARN_UNUSED_FUNCTION = YES;
				GCC_WARN_UNUSED_VARIABLE = YES;
				IPHONEOS_DEPLOYMENT_TARGET = 17.5;
				LOCALIZATION_PREFERS_STRING_CATALOGS = YES;
				MTL_ENABLE_DEBUG_INFO = NO;
				MTL_FAST_MATH = YES;
				SDKROOT = iphoneos;
				SWIFT_COMPILATION_MODE = wholemodule;
				VALIDATE_PRODUCT = YES;
			};
			name = Release;
		};
		3AACE03E2CACE269003960F5 /* Debug */ = {
			isa = XCBuildConfiguration;
			buildSettings = {
				ASSETCATALOG_COMPILER_APPICON_NAME = AppIcon;
				ASSETCATALOG_COMPILER_GLOBAL_ACCENT_COLOR_NAME = AccentColor;
				CODE_SIGN_STYLE = Automatic;
				CURRENT_PROJECT_VERSION = 1;
				DEVELOPMENT_TEAM = Q6384N92WN;
				GENERATE_INFOPLIST_FILE = YES;
				INFOPLIST_FILE = "Pokedéx/Info.plist";
				INFOPLIST_KEY_UIApplicationSupportsIndirectInputEvents = YES;
				INFOPLIST_KEY_UILaunchStoryboardName = LaunchScreen;
				INFOPLIST_KEY_UISupportedInterfaceOrientations_iPad = "UIInterfaceOrientationPortrait UIInterfaceOrientationPortraitUpsideDown UIInterfaceOrientationLandscapeLeft UIInterfaceOrientationLandscapeRight";
				INFOPLIST_KEY_UISupportedInterfaceOrientations_iPhone = "UIInterfaceOrientationPortrait UIInterfaceOrientationLandscapeLeft UIInterfaceOrientationLandscapeRight";
				LD_RUNPATH_SEARCH_PATHS = (
					"$(inherited)",
					"@executable_path/Frameworks",
				);
				MARKETING_VERSION = 1.0;
				PRODUCT_BUNDLE_IDENTIFIER = "chaoming.studio.Pokede-x";
				PRODUCT_NAME = "$(TARGET_NAME)";
				SWIFT_EMIT_LOC_STRINGS = YES;
				SWIFT_VERSION = 5.0;
				TARGETED_DEVICE_FAMILY = "1,2";
			};
			name = Debug;
		};
		3AACE03F2CACE269003960F5 /* Release */ = {
			isa = XCBuildConfiguration;
			buildSettings = {
				ASSETCATALOG_COMPILER_APPICON_NAME = AppIcon;
				ASSETCATALOG_COMPILER_GLOBAL_ACCENT_COLOR_NAME = AccentColor;
				CODE_SIGN_STYLE = Automatic;
				CURRENT_PROJECT_VERSION = 1;
				DEVELOPMENT_TEAM = Q6384N92WN;
				GENERATE_INFOPLIST_FILE = YES;
				INFOPLIST_FILE = "Pokedéx/Info.plist";
				INFOPLIST_KEY_UIApplicationSupportsIndirectInputEvents = YES;
				INFOPLIST_KEY_UILaunchStoryboardName = LaunchScreen;
				INFOPLIST_KEY_UISupportedInterfaceOrientations_iPad = "UIInterfaceOrientationPortrait UIInterfaceOrientationPortraitUpsideDown UIInterfaceOrientationLandscapeLeft UIInterfaceOrientationLandscapeRight";
				INFOPLIST_KEY_UISupportedInterfaceOrientations_iPhone = "UIInterfaceOrientationPortrait UIInterfaceOrientationLandscapeLeft UIInterfaceOrientationLandscapeRight";
				LD_RUNPATH_SEARCH_PATHS = (
					"$(inherited)",
					"@executable_path/Frameworks",
				);
				MARKETING_VERSION = 1.0;
				PRODUCT_BUNDLE_IDENTIFIER = "chaoming.studio.Pokede-x";
				PRODUCT_NAME = "$(TARGET_NAME)";
				SWIFT_EMIT_LOC_STRINGS = YES;
				SWIFT_VERSION = 5.0;
				TARGETED_DEVICE_FAMILY = "1,2";
			};
			name = Release;
		};
		3AACE0412CACE269003960F5 /* Debug */ = {
			isa = XCBuildConfiguration;
			buildSettings = {
				ALWAYS_EMBED_SWIFT_STANDARD_LIBRARIES = YES;
				BUNDLE_LOADER = "$(TEST_HOST)";
				CODE_SIGN_STYLE = Automatic;
				CURRENT_PROJECT_VERSION = 1;
				DEVELOPMENT_TEAM = Q6384N92WN;
				GENERATE_INFOPLIST_FILE = YES;
				IPHONEOS_DEPLOYMENT_TARGET = 17.5;
				MARKETING_VERSION = 1.0;
				PRODUCT_BUNDLE_IDENTIFIER = "chaoming.studio.Pokede-xTests";
				PRODUCT_NAME = "$(TARGET_NAME)";
				SWIFT_EMIT_LOC_STRINGS = NO;
				SWIFT_VERSION = 5.0;
				TARGETED_DEVICE_FAMILY = "1,2";
				TEST_HOST = "$(BUILT_PRODUCTS_DIR)/Pokedéx.app/$(BUNDLE_EXECUTABLE_FOLDER_PATH)/Pokedéx";
			};
			name = Debug;
		};
		3AACE0422CACE269003960F5 /* Release */ = {
			isa = XCBuildConfiguration;
			buildSettings = {
				ALWAYS_EMBED_SWIFT_STANDARD_LIBRARIES = YES;
				BUNDLE_LOADER = "$(TEST_HOST)";
				CODE_SIGN_STYLE = Automatic;
				CURRENT_PROJECT_VERSION = 1;
				DEVELOPMENT_TEAM = Q6384N92WN;
				GENERATE_INFOPLIST_FILE = YES;
				IPHONEOS_DEPLOYMENT_TARGET = 17.5;
				MARKETING_VERSION = 1.0;
				PRODUCT_BUNDLE_IDENTIFIER = "chaoming.studio.Pokede-xTests";
				PRODUCT_NAME = "$(TARGET_NAME)";
				SWIFT_EMIT_LOC_STRINGS = NO;
				SWIFT_VERSION = 5.0;
				TARGETED_DEVICE_FAMILY = "1,2";
				TEST_HOST = "$(BUILT_PRODUCTS_DIR)/Pokedéx.app/$(BUNDLE_EXECUTABLE_FOLDER_PATH)/Pokedéx";
			};
			name = Release;
		};
		3AACE0442CACE269003960F5 /* Debug */ = {
			isa = XCBuildConfiguration;
			buildSettings = {
				ALWAYS_EMBED_SWIFT_STANDARD_LIBRARIES = YES;
				CODE_SIGN_STYLE = Automatic;
				CURRENT_PROJECT_VERSION = 1;
				DEVELOPMENT_TEAM = Q6384N92WN;
				GENERATE_INFOPLIST_FILE = YES;
				MARKETING_VERSION = 1.0;
				PRODUCT_BUNDLE_IDENTIFIER = "chaoming.studio.Pokede-xUITests";
				PRODUCT_NAME = "$(TARGET_NAME)";
				SWIFT_EMIT_LOC_STRINGS = NO;
				SWIFT_VERSION = 5.0;
				TARGETED_DEVICE_FAMILY = "1,2";
				TEST_TARGET_NAME = "Pokedéx";
			};
			name = Debug;
		};
		3AACE0452CACE269003960F5 /* Release */ = {
			isa = XCBuildConfiguration;
			buildSettings = {
				ALWAYS_EMBED_SWIFT_STANDARD_LIBRARIES = YES;
				CODE_SIGN_STYLE = Automatic;
				CURRENT_PROJECT_VERSION = 1;
				DEVELOPMENT_TEAM = Q6384N92WN;
				GENERATE_INFOPLIST_FILE = YES;
				MARKETING_VERSION = 1.0;
				PRODUCT_BUNDLE_IDENTIFIER = "chaoming.studio.Pokede-xUITests";
				PRODUCT_NAME = "$(TARGET_NAME)";
				SWIFT_EMIT_LOC_STRINGS = NO;
				SWIFT_VERSION = 5.0;
				TARGETED_DEVICE_FAMILY = "1,2";
				TEST_TARGET_NAME = "Pokedéx";
			};
			name = Release;
		};
/* End XCBuildConfiguration section */

/* Begin XCConfigurationList section */
		3AACE00E2CACE265003960F5 /* Build configuration list for PBXProject "Pokedéx" */ = {
			isa = XCConfigurationList;
			buildConfigurations = (
				3AACE03B2CACE269003960F5 /* Debug */,
				3AACE03C2CACE269003960F5 /* Release */,
			);
			defaultConfigurationIsVisible = 0;
			defaultConfigurationName = Release;
		};
		3AACE03D2CACE269003960F5 /* Build configuration list for PBXNativeTarget "Pokedéx" */ = {
			isa = XCConfigurationList;
			buildConfigurations = (
				3AACE03E2CACE269003960F5 /* Debug */,
				3AACE03F2CACE269003960F5 /* Release */,
			);
			defaultConfigurationIsVisible = 0;
			defaultConfigurationName = Release;
		};
		3AACE0402CACE269003960F5 /* Build configuration list for PBXNativeTarget "PokedéxTests" */ = {
			isa = XCConfigurationList;
			buildConfigurations = (
				3AACE0412CACE269003960F5 /* Debug */,
				3AACE0422CACE269003960F5 /* Release */,
			);
			defaultConfigurationIsVisible = 0;
			defaultConfigurationName = Release;
		};
		3AACE0432CACE269003960F5 /* Build configuration list for PBXNativeTarget "PokedéxUITests" */ = {
			isa = XCConfigurationList;
			buildConfigurations = (
				3AACE0442CACE269003960F5 /* Debug */,
				3AACE0452CACE269003960F5 /* Release */,
			);
			defaultConfigurationIsVisible = 0;
			defaultConfigurationName = Release;
		};
/* End XCConfigurationList section */

/* Begin XCRemoteSwiftPackageReference section */
		3AACE04D2CACF223003960F5 /* XCRemoteSwiftPackageReference "SnapKit" */ = {
			isa = XCRemoteSwiftPackageReference;
			repositoryURL = "https://github.com/SnapKit/SnapKit.git";
			requirement = {
				kind = upToNextMajorVersion;
				minimumVersion = 5.7.1;
			};
		};
/* End XCRemoteSwiftPackageReference section */

/* Begin XCSwiftPackageProductDependency section */
		3AACE0522CACF5E5003960F5 /* SnapKit */ = {
			isa = XCSwiftPackageProductDependency;
			package = 3AACE04D2CACF223003960F5 /* XCRemoteSwiftPackageReference "SnapKit" */;
			productName = SnapKit;
		};
/* End XCSwiftPackageProductDependency section */
	};
	rootObject = 3AACE00B2CACE265003960F5 /* Project object */;
}
